
Microsoft Visual Studio Solution File, Format Version 12.00
# Visual Studio Version 17
VisualStudioVersion = 17.0.31903.59
MinimumVisualStudioVersion = 10.0.40219.1
Project("{2150E333-8FDC-42A3-9474-1A3956D46DE8}") = "src", "src", "{827E0CD3-B72D-47B6-A68D-7590B98EB39B}"
EndProject
Project("{FAE04EC0-301F-11D3-BF4B-00C04F79EFBC}") = "Bansang.Api", "src\Bansang.Api\Bansang.Api.csproj", "{072108FE-5CAC-4DD5-8F3C-D843320ABE0B}"
EndProject
Project("{FAE04EC0-301F-11D3-BF4B-00C04F79EFBC}") = "Bansang.Application", "src\Bansang.Application\Bansang.Application.csproj", "{08A01032-FE43-41D0-B6FD-CD3885934E5A}"
EndProject
Project("{FAE04EC0-301F-11D3-BF4B-00C04F79EFBC}") = "Bansang.Domain", "src\Bansang.Domain\Bansang.Domain.csproj", "{70FD4A0D-C62E-41A0-85FC-57FB6D5E0692}"
EndProject
Project("{FAE04EC0-301F-11D3-BF4B-00C04F79EFBC}") = "Bansang.Infrastructure", "src\Bansang.Infrastructure\Bansang.Infrastructure.csproj", "{89332F5C-D65D-41F7-BB6B-6D20581E3A3B}"
EndProject
Project("{2150E333-8FDC-42A3-9474-1A3956D46DE8}") = "tests", "tests", "{0AB3BF05-4346-4AA6-1389-037BE0695223}"
EndProject
Project("{FAE04EC0-301F-11D3-BF4B-00C04F79EFBC}") = "Bansang.Api.IntegrationTests", "tests\Bansang.Api.IntegrationTests\Bansang.Api.IntegrationTests.csproj", "{6C7AD1B4-EE92-418B-A411-743CA289FAAE}"
EndProject
Project("{FAE04EC0-301F-11D3-BF4B-00C04F79EFBC}") = "Bansang.Domain.Tests", "tests\Bansang.Domain.Tests\Bansang.Domain.Tests.csproj", "{C64A694B-AB01-4084-8D4B-B6CEF4402A83}"
EndProject
Global
	GlobalSection(SolutionConfigurationPlatforms) = preSolution
		Debug|Any CPU = Debug|Any CPU
		Debug|x64 = Debug|x64
		Debug|x86 = Debug|x86
		Release|Any CPU = Release|Any CPU
		Release|x64 = Release|x64
		Release|x86 = Release|x86
	EndGlobalSection
	GlobalSection(ProjectConfigurationPlatforms) = postSolution
		{072108FE-5CAC-4DD5-8F3C-D843320ABE0B}.Debug|Any CPU.ActiveCfg = Debug|Any CPU
		{072108FE-5CAC-4DD5-8F3C-D843320ABE0B}.Debug|Any CPU.Build.0 = Debug|Any CPU
		{072108FE-5CAC-4DD5-8F3C-D843320ABE0B}.Debug|x64.ActiveCfg = Debug|Any CPU
		{072108FE-5CAC-4DD5-8F3C-D843320ABE0B}.Debug|x64.Build.0 = Debug|Any CPU
		{072108FE-5CAC-4DD5-8F3C-D843320ABE0B}.Debug|x86.ActiveCfg = Debug|Any CPU
		{072108FE-5CAC-4DD5-8F3C-D843320ABE0B}.Debug|x86.Build.0 = Debug|Any CPU
		{072108FE-5CAC-4DD5-8F3C-D843320ABE0B}.Release|Any CPU.ActiveCfg = Release|Any CPU
		{072108FE-5CAC-4DD5-8F3C-D843320ABE0B}.Release|Any CPU.Build.0 = Release|Any CPU
		{072108FE-5CAC-4DD5-8F3C-D843320ABE0B}.Release|x64.ActiveCfg = Release|Any CPU
		{072108FE-5CAC-4DD5-8F3C-D843320ABE0B}.Release|x64.Build.0 = Release|Any CPU
		{072108FE-5CAC-4DD5-8F3C-D843320ABE0B}.Release|x86.ActiveCfg = Release|Any CPU
		{072108FE-5CAC-4DD5-8F3C-D843320ABE0B}.Release|x86.Build.0 = Release|Any CPU
		{08A01032-FE43-41D0-B6FD-CD3885934E5A}.Debug|Any CPU.ActiveCfg = Debug|Any CPU
		{08A01032-FE43-41D0-B6FD-CD3885934E5A}.Debug|Any CPU.Build.0 = Debug|Any CPU
		{08A01032-FE43-41D0-B6FD-CD3885934E5A}.Debug|x64.ActiveCfg = Debug|Any CPU
		{08A01032-FE43-41D0-B6FD-CD3885934E5A}.Debug|x64.Build.0 = Debug|Any CPU
		{08A01032-FE43-41D0-B6FD-CD3885934E5A}.Debug|x86.ActiveCfg = Debug|Any CPU
		{08A01032-FE43-41D0-B6FD-CD3885934E5A}.Debug|x86.Build.0 = Debug|Any CPU
		{08A01032-FE43-41D0-B6FD-CD3885934E5A}.Release|Any CPU.ActiveCfg = Release|Any CPU
		{08A01032-FE43-41D0-B6FD-CD3885934E5A}.Release|Any CPU.Build.0 = Release|Any CPU
		{08A01032-FE43-41D0-B6FD-CD3885934E5A}.Release|x64.ActiveCfg = Release|Any CPU
		{08A01032-FE43-41D0-B6FD-CD3885934E5A}.Release|x64.Build.0 = Release|Any CPU
		{08A01032-FE43-41D0-B6FD-CD3885934E5A}.Release|x86.ActiveCfg = Release|Any CPU
		{08A01032-FE43-41D0-B6FD-CD3885934E5A}.Release|x86.Build.0 = Release|Any CPU
		{70FD4A0D-C62E-41A0-85FC-57FB6D5E0692}.Debug|Any CPU.ActiveCfg = Debug|Any CPU
		{70FD4A0D-C62E-41A0-85FC-57FB6D5E0692}.Debug|Any CPU.Build.0 = Debug|Any CPU
		{70FD4A0D-C62E-41A0-85FC-57FB6D5E0692}.Debug|x64.ActiveCfg = Debug|Any CPU
		{70FD4A0D-C62E-41A0-85FC-57FB6D5E0692}.Debug|x64.Build.0 = Debug|Any CPU
		{70FD4A0D-C62E-41A0-85FC-57FB6D5E0692}.Debug|x86.ActiveCfg = Debug|Any CPU
		{70FD4A0D-C62E-41A0-85FC-57FB6D5E0692}.Debug|x86.Build.0 = Debug|Any CPU
		{70FD4A0D-C62E-41A0-85FC-57FB6D5E0692}.Release|Any CPU.ActiveCfg = Release|Any CPU
		{70FD4A0D-C62E-41A0-85FC-57FB6D5E0692}.Release|Any CPU.Build.0 = Release|Any CPU
		{70FD4A0D-C62E-41A0-85FC-57FB6D5E0692}.Release|x64.ActiveCfg = Release|Any CPU
		{70FD4A0D-C62E-41A0-85FC-57FB6D5E0692}.Release|x64.Build.0 = Release|Any CPU
		{70FD4A0D-C62E-41A0-85FC-57FB6D5E0692}.Release|x86.ActiveCfg = Release|Any CPU
		{70FD4A0D-C62E-41A0-85FC-57FB6D5E0692}.Release|x86.Build.0 = Release|Any CPU
		{89332F5C-D65D-41F7-BB6B-6D20581E3A3B}.Debug|Any CPU.ActiveCfg = Debug|Any CPU
		{89332F5C-D65D-41F7-BB6B-6D20581E3A3B}.Debug|Any CPU.Build.0 = Debug|Any CPU
		{89332F5C-D65D-41F7-BB6B-6D20581E3A3B}.Debug|x64.ActiveCfg = Debug|Any CPU
		{89332F5C-D65D-41F7-BB6B-6D20581E3A3B}.Debug|x64.Build.0 = Debug|Any CPU
		{89332F5C-D65D-41F7-BB6B-6D20581E3A3B}.Debug|x86.ActiveCfg = Debug|Any CPU
		{89332F5C-D65D-41F7-BB6B-6D20581E3A3B}.Debug|x86.Build.0 = Debug|Any CPU
		{89332F5C-D65D-41F7-BB6B-6D20581E3A3B}.Release|Any CPU.ActiveCfg = Release|Any CPU
		{89332F5C-D65D-41F7-BB6B-6D20581E3A3B}.Release|Any CPU.Build.0 = Release|Any CPU
		{89332F5C-D65D-41F7-BB6B-6D20581E3A3B}.Release|x64.ActiveCfg = Release|Any CPU
		{89332F5C-D65D-41F7-BB6B-6D20581E3A3B}.Release|x64.Build.0 = Release|Any CPU
		{89332F5C-D65D-41F7-BB6B-6D20581E3A3B}.Release|x86.ActiveCfg = Release|Any CPU
		{89332F5C-D65D-41F7-BB6B-6D20581E3A3B}.Release|x86.Build.0 = Release|Any CPU
		{6C7AD1B4-EE92-418B-A411-743CA289FAAE}.Debug|Any CPU.ActiveCfg = Debug|Any CPU
		{6C7AD1B4-EE92-418B-A411-743CA289FAAE}.Debug|Any CPU.Build.0 = Debug|Any CPU
		{6C7AD1B4-EE92-418B-A411-743CA289FAAE}.Debug|x64.ActiveCfg = Debug|Any CPU
		{6C7AD1B4-EE92-418B-A411-743CA289FAAE}.Debug|x64.Build.0 = Debug|Any CPU
		{6C7AD1B4-EE92-418B-A411-743CA289FAAE}.Debug|x86.ActiveCfg = Debug|Any CPU
		{6C7AD1B4-EE92-418B-A411-743CA289FAAE}.Debug|x86.Build.0 = Debug|Any CPU
		{6C7AD1B4-EE92-418B-A411-743CA289FAAE}.Release|Any CPU.ActiveCfg = Release|Any CPU
		{6C7AD1B4-EE92-418B-A411-743CA289FAAE}.Release|Any CPU.Build.0 = Release|Any CPU
		{6C7AD1B4-EE92-418B-A411-743CA289FAAE}.Release|x64.ActiveCfg = Release|Any CPU
		{6C7AD1B4-EE92-418B-A411-743CA289FAAE}.Release|x64.Build.0 = Release|Any CPU
		{6C7AD1B4-EE92-418B-A411-743CA289FAAE}.Release|x86.ActiveCfg = Release|Any CPU
		{6C7AD1B4-EE92-418B-A411-743CA289FAAE}.Release|x86.Build.0 = Release|Any CPU
		{C64A694B-AB01-4084-8D4B-B6CEF4402A83}.Debug|Any CPU.ActiveCfg = Debug|Any CPU
		{C64A694B-AB01-4084-8D4B-B6CEF4402A83}.Debug|Any CPU.Build.0 = Debug|Any CPU
		{C64A694B-AB01-4084-8D4B-B6CEF4402A83}.Debug|x64.ActiveCfg = Debug|Any CPU
		{C64A694B-AB01-4084-8D4B-B6CEF4402A83}.Debug|x64.Build.0 = Debug|Any CPU
		{C64A694B-AB01-4084-8D4B-B6CEF4402A83}.Debug|x86.ActiveCfg = Debug|Any CPU
		{C64A694B-AB01-4084-8D4B-B6CEF4402A83}.Debug|x86.Build.0 = Debug|Any CPU
		{C64A694B-AB01-4084-8D4B-B6CEF4402A83}.Release|Any CPU.ActiveCfg = Release|Any CPU
		{C64A694B-AB01-4084-8D4B-B6CEF4402A83}.Release|Any CPU.Build.0 = Release|Any CPU
		{C64A694B-AB01-4084-8D4B-B6CEF4402A83}.Release|x64.ActiveCfg = Release|Any CPU
		{C64A694B-AB01-4084-8D4B-B6CEF4402A83}.Release|x64.Build.0 = Release|Any CPU
		{C64A694B-AB01-4084-8D4B-B6CEF4402A83}.Release|x86.ActiveCfg = Release|Any CPU
		{C64A694B-AB01-4084-8D4B-B6CEF4402A83}.Release|x86.Build.0 = Release|Any CPU
	EndGlobalSection
	GlobalSection(SolutionProperties) = preSolution
		HideSolutionNode = FALSE
	EndGlobalSection
	GlobalSection(NestedProjects) = preSolution
		{072108FE-5CAC-4DD5-8F3C-D843320ABE0B} = {827E0CD3-B72D-47B6-A68D-7590B98EB39B}
		{08A01032-FE43-41D0-B6FD-CD3885934E5A} = {827E0CD3-B72D-47B6-A68D-7590B98EB39B}
		{70FD4A0D-C62E-41A0-85FC-57FB6D5E0692} = {827E0CD3-B72D-47B6-A68D-7590B98EB39B}
		{89332F5C-D65D-41F7-BB6B-6D20581E3A3B} = {827E0CD3-B72D-47B6-A68D-7590B98EB39B}
		{6C7AD1B4-EE92-418B-A411-743CA289FAAE} = {0AB3BF05-4346-4AA6-1389-037BE0695223}
		{C64A694B-AB01-4084-8D4B-B6CEF4402A83} = {0AB3BF05-4346-4AA6-1389-037BE0695223}
	EndGlobalSection
EndGlobal
